<Solution>
  <Project Path="Assembly-CSharp.csproj" />
  <Project Path="Unity.InferenceEngine.Editor.Visualizer.csproj" />
  <Project Path="glTFast.csproj" />
  <Project Path="Unity.Tutorials.Core.Editor.csproj" />
  <Project Path="Unity.XR.Interaction.Toolkit.csproj" />
  <Project Path="Unity.XR.ARSubsystems.csproj" />
  <Project Path="Unity.VisualStudio.Editor.csproj" />
  <Project Path="Unity.InputSystem.csproj" />
  <Project Path="Unity.XR.Interaction.Toolkit.Editor.csproj" />
  <Project Path="PPv2URPConverters.csproj" />
  <Project Path="Unity.InferenceEngine.csproj" />
  <Project Path="Unity.XR.CoreUtils.csproj" />
  <Project Path="Unity.XR.Simulation.Editor.csproj" />
  <Project Path="Unity.Searcher.Editor.csproj" />
  <Project Path="Unity.XR.Hands.csproj" />
  <Project Path="Unity.InferenceEngine.Tokenization.csproj" />
  <Project Path="UnityEditor.TestRunner.csproj" />
  <Project Path="Unity.RenderPipelines.Universal.Runtime.csproj" />
  <Project Path="Unity.InferenceEngine.Editor.csproj" />
  <Project Path="Unity.TestTools.CodeCoverage.Editor.csproj" />
  <Project Path="Unity.Burst.CodeGen.csproj" />
  <Project Path="Unity.XR.AndroidOpenXR.csproj" />
  <Project Path="Unity.XR.ARFoundation.csproj" />
  <Project Path="Unity.PerformanceTesting.csproj" />
  <Project Path="Unity.TestTools.CodeCoverage.Editor.OpenCover.Model.csproj" />
  <Project Path="Unity.TextMeshPro.csproj" />
  <Project Path="glTFast.Export.csproj" />
  <Project Path="Unity.TextMeshPro.Editor.csproj" />
  <Project Path="Unity.Rendering.LightTransport.Runtime.csproj" />
  <Project Path="Unity.Burst.Editor.csproj" />
  <Project Path="Unity.TestTools.CodeCoverage.Editor.OpenCover.Mono.Reflection.csproj" />
  <Project Path="Unity.Rider.Editor.csproj" />
  <Project Path="Unity.XR.ARFoundation.VisualScripting.csproj" />
  <Project Path="Unity.XR.ARSubsystems.Editor.csproj" />
  <Project Path="Unity.Performance.Profile-Analyzer.Editor.csproj" />
  <Project Path="UnityEditor.UI.csproj" />
  <Project Path="glTFast.Newtonsoft.csproj" />
  <Project Path="Unity.XR.Interaction.Toolkit.Samples.StarterAssets.csproj" />
  <Project Path="Unity.XR.Interaction.Toolkit.Samples.Hands.Editor.csproj" />
  <Project Path="Unity.XR.Interaction.Toolkit.Samples.Hands.csproj" />
  <Project Path="Unity.XR.Hands.Samples.VisualizerSample.csproj" />
  <Project Path="Unity.XR.Interaction.Toolkit.Samples.StarterAssets.Editor.csproj" />
</Solution>
